
Microsoft Visual Studio Solution File, Format Version 12.00
# Visual Studio Version 16
VisualStudioVersion = 16.0.31605.320
MinimumVisualStudioVersion = 10.0.40219.1
Project("{FAE04EC0-301F-11D3-BF4B-00C04F79EFBC}") = "NCTestLinux", "NCTestLinux\NCTestLinux.csproj", "{581839DD-1105-4842-8FF6-814C10E90CC3}"
EndProject
Global
	GlobalSection(SolutionConfigurationPlatforms) = preSolution
		Debug|Any CPU = Debug|Any CPU
		Release|Any CPU = Release|Any CPU
	EndGlobalSection
	GlobalSection(ProjectConfigurationPlatforms) = postSolution
		{581839DD-1105-4842-8FF6-814C10E90CC3}.Debug|Any CPU.ActiveCfg = Debug|Any CPU
		{581839DD-1105-4842-8FF6-814C10E90CC3}.Debug|Any CPU.Build.0 = Debug|Any CPU
		{581839DD-1105-4842-8FF6-814C10E90CC3}.Release|Any CPU.ActiveCfg = Release|Any CPU
		{581839DD-1105-4842-8FF6-814C10E90CC3}.Release|Any CPU.Build.0 = Release|Any CPU
	EndGlobalSection
	GlobalSection(SolutionProperties) = preSolution
		HideSolutionNode = FALSE
	EndGlobalSection
	GlobalSection(ExtensibilityGlobals) = postSolution
		SolutionGuid = {D14BF0F8-0E02-4BAD-835C-03C4DC6FAB1E}
	EndGlobalSection
EndGlobal
